
Microsoft Visual Studio Solution File, Format Version 12.00
# Visual Studio 2017
Project("{FAE04EC0-301F-11D3-BF4B-00C04F79EFBC}") = "AuravisionVR", "AuravisionVR.csproj", "{7470BE47-37D0-D861-376C-1B2CAA9251FA}"
EndProject
Project("{FAE04EC0-301F-11D3-BF4B-00C04F79EFBC}") = "AuravisionVR.Editor", "AuravisionVR.Editor.csproj", "{2CD8CA11-C7F7-8F58-5C98-19718A9C7567}"
EndProject
Global
	GlobalSection(SolutionConfigurationPlatforms) = preSolution
		Debug|Any CPU = Debug|Any CPU
		Release|Any CPU = Release|Any CPU
	EndGlobalSection
	GlobalSection(ProjectConfigurationPlatforms) = postSolution
		{7470BE47-37D0-D861-376C-1B2CAA9251FA}.Debug|Any CPU.ActiveCfg = Debug|Any CPU
		{7470BE47-37D0-D861-376C-1B2CAA9251FA}.Debug|Any CPU.Build.0 = Debug|Any CPU
		{7470BE47-37D0-D861-376C-1B2CAA9251FA}.Release|Any CPU.ActiveCfg = Release|Any CPU
		{7470BE47-37D0-D861-376C-1B2CAA9251FA}.Release|Any CPU.Build.0 = Release|Any CPU
		{2CD8CA11-C7F7-8F58-5C98-19718A9C7567}.Debug|Any CPU.ActiveCfg = Debug|Any CPU
		{2CD8CA11-C7F7-8F58-5C98-19718A9C7567}.Debug|Any CPU.Build.0 = Debug|Any CPU
		{2CD8CA11-C7F7-8F58-5C98-19718A9C7567}.Release|Any CPU.ActiveCfg = Release|Any CPU
		{2CD8CA11-C7F7-8F58-5C98-19718A9C7567}.Release|Any CPU.Build.0 = Release|Any CPU
	EndGlobalSection
	GlobalSection(SolutionProperties) = preSolution
		HideSolutionNode = FALSE
	EndGlobalSection
EndGlobal
